// !$*UTF8*$!
{
	archiveVersion = 1;
	classes = {
	};
	objectVersion = 50;
	objects = {

/* Begin PBXBuildFile section */
		B0CAEB3024105F75008F0C18 /* AppDelegate.swift in Sources */ = {isa = PBXBuildFile; fileRef = B0CAEB2F24105F75008F0C18 /* AppDelegate.swift */; };
		B0CAEB3224105F75008F0C18 /* SceneDelegate.swift in Sources */ = {isa = PBXBuildFile; fileRef = B0CAEB3124105F75008F0C18 /* SceneDelegate.swift */; };
		B0CAEB3424105F75008F0C18 /* ViewController.swift in Sources */ = {isa = PBXBuildFile; fileRef = B0CAEB3324105F75008F0C18 /* ViewController.swift */; };
		B0CAEB3724105F75008F0C18 /* Main.storyboard in Resources */ = {isa = PBXBuildFile; fileRef = B0CAEB3524105F75008F0C18 /* Main.storyboard */; };
		B0CAEB3C24105F76008F0C18 /* Assets.xcassets in Resources */ = {isa = PBXBuildFile; fileRef = B0CAEB3B24105F76008F0C18 /* Assets.xcassets */; };
		B0CAEB3F24105F76008F0C18 /* LaunchScreen.storyboard in Resources */ = {isa = PBXBuildFile; fileRef = B0CAEB3D24105F76008F0C18 /* LaunchScreen.storyboard */; };
		B0CAEB6324105FD6008F0C18 /* FeedData.swift in Sources */ = {isa = PBXBuildFile; fileRef = B0CAEB6224105FD6008F0C18 /* FeedData.swift */; };
		DF508A582412976000DD0BF8 /* ThreadCollectionViewCell.swift in Sources */ = {isa = PBXBuildFile; fileRef = DF508A572412976000DD0BF8 /* ThreadCollectionViewCell.swift */; };
		DF508A5A2412A7BB00DD0BF8 /* FeedTableViewCell.swift in Sources */ = {isa = PBXBuildFile; fileRef = DF508A592412A7BB00DD0BF8 /* FeedTableViewCell.swift */; };
/* End PBXBuildFile section */

/* Begin PBXContainerItemProxy section */
		B0CAEB4624105F76008F0C18 /* PBXContainerItemProxy */ = {
			isa = PBXContainerItemProxy;
			containerPortal = B0CAEB2424105F74008F0C18 /* Project object */;
			proxyType = 1;
			remoteGlobalIDString = B0CAEB2B24105F75008F0C18;
			remoteInfo = Lab5SnapagramUI;
		};
		B0CAEB5124105F76008F0C18 /* PBXContainerItemProxy */ = {
			isa = PBXContainerItemProxy;
			containerPortal = B0CAEB2424105F74008F0C18 /* Project object */;
			proxyType = 1;
			remoteGlobalIDString = B0CAEB2B24105F75008F0C18;
			remoteInfo = Lab5SnapagramUI;
		};
/* End PBXContainerItemProxy section */

/* Begin PBXFileReference section */
		B0CAEB2C24105F75008F0C18 /* Lab5SnapagramUI.app */ = {isa = PBXFileReference; explicitFileType = wrapper.application; includeInIndex = 0; path = Lab5SnapagramUI.app; sourceTree = BUILT_PRODUCTS_DIR; };
		B0CAEB2F24105F75008F0C18 /* AppDelegate.swift */ = {isa = PBXFileReference; lastKnownFileType = sourcecode.swift; path = AppDelegate.swift; sourceTree = "<group>"; };
		B0CAEB3124105F75008F0C18 /* SceneDelegate.swift */ = {isa = PBXFileReference; lastKnownFileType = sourcecode.swift; path = SceneDelegate.swift; sourceTree = "<group>"; };
		B0CAEB3324105F75008F0C18 /* ViewController.swift */ = {isa = PBXFileReference; lastKnownFileType = sourcecode.swift; path = ViewController.swift; sourceTree = "<group>"; };
		B0CAEB3624105F75008F0C18 /* Base */ = {isa = PBXFileReference; lastKnownFileType = file.storyboard; name = Base; path = Base.lproj/Main.storyboard; sourceTree = "<group>"; };
		B0CAEB3B24105F76008F0C18 /* Assets.xcassets */ = {isa = PBXFileReference; lastKnownFileType = folder.assetcatalog; path = Assets.xcassets; sourceTree = "<group>"; };
		B0CAEB3E24105F76008F0C18 /* Base */ = {isa = PBXFileReference; lastKnownFileType = file.storyboard; name = Base; path = Base.lproj/LaunchScreen.storyboard; sourceTree = "<group>"; };
		B0CAEB4024105F76008F0C18 /* Info.plist */ = {isa = PBXFileReference; lastKnownFileType = text.plist.xml; path = Info.plist; sourceTree = "<group>"; };
		B0CAEB4524105F76008F0C18 /* Lab5SnapagramUITests.xctest */ = {isa = PBXFileReference; explicitFileType = wrapper.cfbundle; includeInIndex = 0; path = Lab5SnapagramUITests.xctest; sourceTree = BUILT_PRODUCTS_DIR; };
		B0CAEB5024105F76008F0C18 /* Lab5SnapagramUIUITests.xctest */ = {isa = PBXFileReference; explicitFileType = wrapper.cfbundle; includeInIndex = 0; path = Lab5SnapagramUIUITests.xctest; sourceTree = BUILT_PRODUCTS_DIR; };
		B0CAEB6224105FD6008F0C18 /* FeedData.swift */ = {isa = PBXFileReference; fileEncoding = 4; lastKnownFileType = sourcecode.swift; path = FeedData.swift; sourceTree = "<group>"; };
		DF508A572412976000DD0BF8 /* ThreadCollectionViewCell.swift */ = {isa = PBXFileReference; lastKnownFileType = sourcecode.swift; path = ThreadCollectionViewCell.swift; sourceTree = "<group>"; };
		DF508A592412A7BB00DD0BF8 /* FeedTableViewCell.swift */ = {isa = PBXFileReference; lastKnownFileType = sourcecode.swift; path = FeedTableViewCell.swift; sourceTree = "<group>"; };
/* End PBXFileReference section */

/* Begin PBXFrameworksBuildPhase section */
		B0CAEB2924105F75008F0C18 /* Frameworks */ = {
			isa = PBXFrameworksBuildPhase;
			buildActionMask = 2147483647;
			files = (
			);
			runOnlyForDeploymentPostprocessing = 0;
		};
		B0CAEB4224105F76008F0C18 /* Frameworks */ = {
			isa = PBXFrameworksBuildPhase;
			buildActionMask = 2147483647;
			files = (
			);
			runOnlyForDeploymentPostprocessing = 0;
		};
		B0CAEB4D24105F76008F0C18 /* Frameworks */ = {
			isa = PBXFrameworksBuildPhase;
			buildActionMask = 2147483647;
			files = (
			);
			runOnlyForDeploymentPostprocessing = 0;
		};
/* End PBXFrameworksBuildPhase section */

/* Begin PBXGroup section */
		B0CAEB2324105F74008F0C18 = {
			isa = PBXGroup;
			children = (
				B0CAEB2E24105F75008F0C18 /* Lab5SnapagramUI */,
				B0CAEB2D24105F75008F0C18 /* Products */,
			);
			sourceTree = "<group>";
		};
		B0CAEB2D24105F75008F0C18 /* Products */ = {
			isa = PBXGroup;
			children = (
				B0CAEB2C24105F75008F0C18 /* Lab5SnapagramUI.app */,
				B0CAEB4524105F76008F0C18 /* Lab5SnapagramUITests.xctest */,
				B0CAEB5024105F76008F0C18 /* Lab5SnapagramUIUITests.xctest */,
			);
			name = Products;
			sourceTree = "<group>";
		};
		B0CAEB2E24105F75008F0C18 /* Lab5SnapagramUI */ = {
			isa = PBXGroup;
			children = (
				B0CAEB2F24105F75008F0C18 /* AppDelegate.swift */,
				B0CAEB3124105F75008F0C18 /* SceneDelegate.swift */,
				B0CAEB6224105FD6008F0C18 /* FeedData.swift */,
				B0CAEB3524105F75008F0C18 /* Main.storyboard */,
				DF508A592412A7BB00DD0BF8 /* FeedTableViewCell.swift */,
				DF508A572412976000DD0BF8 /* ThreadCollectionViewCell.swift */,
				B0CAEB3324105F75008F0C18 /* ViewController.swift */,
				B0CAEB3B24105F76008F0C18 /* Assets.xcassets */,
				B0CAEB3D24105F76008F0C18 /* LaunchScreen.storyboard */,
				B0CAEB4024105F76008F0C18 /* Info.plist */,
			);
			path = Lab5SnapagramUI;
			sourceTree = "<group>";
		};
/* End PBXGroup section */

/* Begin PBXNativeTarget section */
		B0CAEB2B24105F75008F0C18 /* Lab5SnapagramUI */ = {
			isa = PBXNativeTarget;
			buildConfigurationList = B0CAEB5924105F76008F0C18 /* Build configuration list for PBXNativeTarget "Lab5SnapagramUI" */;
			buildPhases = (
				B0CAEB2824105F75008F0C18 /* Sources */,
				B0CAEB2924105F75008F0C18 /* Frameworks */,
				B0CAEB2A24105F75008F0C18 /* Resources */,
			);
			buildRules = (
			);
			dependencies = (
			);
			name = Lab5SnapagramUI;
			productName = Lab5SnapagramUI;
			productReference = B0CAEB2C24105F75008F0C18 /* Lab5SnapagramUI.app */;
			productType = "com.apple.product-type.application";
		};
		B0CAEB4424105F76008F0C18 /* Lab5SnapagramUITests */ = {
			isa = PBXNativeTarget;
			buildConfigurationList = B0CAEB5C24105F76008F0C18 /* Build configuration list for PBXNativeTarget "Lab5SnapagramUITests" */;
			buildPhases = (
				B0CAEB4124105F76008F0C18 /* Sources */,
				B0CAEB4224105F76008F0C18 /* Frameworks */,
				B0CAEB4324105F76008F0C18 /* Resources */,
			);
			buildRules = (
			);
			dependencies = (
				B0CAEB4724105F76008F0C18 /* PBXTargetDependency */,
			);
			name = Lab5SnapagramUITests;
			productName = Lab5SnapagramUITests;
			productReference = B0CAEB4524105F76008F0C18 /* Lab5SnapagramUITests.xctest */;
			productType = "com.apple.product-type.bundle.unit-test";
		};
		B0CAEB4F24105F76008F0C18 /* Lab5SnapagramUIUITests */ = {
			isa = PBXNativeTarget;
			buildConfigurationList = B0CAEB5F24105F76008F0C18 /* Build configuration list for PBXNativeTarget "Lab5SnapagramUIUITests" */;
			buildPhases = (
				B0CAEB4C24105F76008F0C18 /* Sources */,
				B0CAEB4D24105F76008F0C18 /* Frameworks */,
				B0CAEB4E24105F76008F0C18 /* Resources */,
			);
			buildRules = (
			);
			dependencies = (
				B0CAEB5224105F76008F0C18 /* PBXTargetDependency */,
			);
			name = Lab5SnapagramUIUITests;
			productName = Lab5SnapagramUIUITests;
			productReference = B0CAEB5024105F76008F0C18 /* Lab5SnapagramUIUITests.xctest */;
			productType = "com.apple.product-type.bundle.ui-testing";
		};
/* End PBXNativeTarget section */

/* Begin PBXProject section */
		B0CAEB2424105F74008F0C18 /* Project object */ = {
			isa = PBXProject;
			attributes = {
				LastSwiftUpdateCheck = 1120;
				LastUpgradeCheck = 1120;
				ORGANIZATIONNAME = nyerasi;
				TargetAttributes = {
					B0CAEB2B24105F75008F0C18 = {
						CreatedOnToolsVersion = 11.2.1;
						LastSwiftMigration = 1130;
					};
					B0CAEB4424105F76008F0C18 = {
						CreatedOnToolsVersion = 11.2.1;
						TestTargetID = B0CAEB2B24105F75008F0C18;
					};
					B0CAEB4F24105F76008F0C18 = {
						CreatedOnToolsVersion = 11.2.1;
						TestTargetID = B0CAEB2B24105F75008F0C18;
					};
				};
			};
			buildConfigurationList = B0CAEB2724105F74008F0C18 /* Build configuration list for PBXProject "Lab5SnapagramUI" */;
			compatibilityVersion = "Xcode 9.3";
			developmentRegion = en;
			hasScannedForEncodings = 0;
			knownRegions = (
				en,
				Base,
			);
			mainGroup = B0CAEB2324105F74008F0C18;
			productRefGroup = B0CAEB2D24105F75008F0C18 /* Products */;
			projectDirPath = "";
			projectRoot = "";
			targets = (
				B0CAEB2B24105F75008F0C18 /* Lab5SnapagramUI */,
				B0CAEB4424105F76008F0C18 /* Lab5SnapagramUITests */,
				B0CAEB4F24105F76008F0C18 /* Lab5SnapagramUIUITests */,
			);
		};
/* End PBXProject section */

/* Begin PBXResourcesBuildPhase section */
		B0CAEB2A24105F75008F0C18 /* Resources */ = {
			isa = PBXResourcesBuildPhase;
			buildActionMask = 2147483647;
			files = (
				B0CAEB3F24105F76008F0C18 /* LaunchScreen.storyboard in Resources */,
				B0CAEB3C24105F76008F0C18 /* Assets.xcassets in Resources */,
				B0CAEB3724105F75008F0C18 /* Main.storyboard in Resources */,
			);
			runOnlyForDeploymentPostprocessing = 0;
		};
		B0CAEB4324105F76008F0C18 /* Resources */ = {
			isa = PBXResourcesBuildPhase;
			buildActionMask = 2147483647;
			files = (
			);
			runOnlyForDeploymentPostprocessing = 0;
		};
		B0CAEB4E24105F76008F0C18 /* Resources */ = {
			isa = PBXResourcesBuildPhase;
			buildActionMask = 2147483647;
			files = (
			);
			runOnlyForDeploymentPostprocessing = 0;
		};
/* End PBXResourcesBuildPhase section */

/* Begin PBXSourcesBuildPhase section */
		B0CAEB2824105F75008F0C18 /* Sources */ = {
			isa = PBXSourcesBuildPhase;
			buildActionMask = 2147483647;
			files = (
				B0CAEB6324105FD6008F0C18 /* FeedData.swift in Sources */,
				DF508A5A2412A7BB00DD0BF8 /* FeedTableViewCell.swift in Sources */,
				DF508A582412976000DD0BF8 /* ThreadCollectionViewCell.swift in Sources */,
				B0CAEB3424105F75008F0C18 /* ViewController.swift in Sources */,
				B0CAEB3024105F75008F0C18 /* AppDelegate.swift in Sources */,
				B0CAEB3224105F75008F0C18 /* SceneDelegate.swift in Sources */,
			);
			runOnlyForDeploymentPostprocessing = 0;
		};
		B0CAEB4124105F76008F0C18 /* Sources */ = {
			isa = PBXSourcesBuildPhase;
			buildActionMask = 2147483647;
			files = (
			);
			runOnlyForDeploymentPostprocessing = 0;
		};
		B0CAEB4C24105F76008F0C18 /* Sources */ = {
			isa = PBXSourcesBuildPhase;
			buildActionMask = 2147483647;
			files = (
			);
			runOnlyForDeploymentPostprocessing = 0;
		};
/* End PBXSourcesBuildPhase section */

/* Begin PBXTargetDependency section */
		B0CAEB4724105F76008F0C18 /* PBXTargetDependency */ = {
			isa = PBXTargetDependency;
			target = B0CAEB2B24105F75008F0C18 /* Lab5SnapagramUI */;
			targetProxy = B0CAEB4624105F76008F0C18 /* PBXContainerItemProxy */;
		};
		B0CAEB5224105F76008F0C18 /* PBXTargetDependency */ = {
			isa = PBXTargetDependency;
			target = B0CAEB2B24105F75008F0C18 /* Lab5SnapagramUI */;
			targetProxy = B0CAEB5124105F76008F0C18 /* PBXContainerItemProxy */;
		};
/* End PBXTargetDependency section */

/* Begin PBXVariantGroup section */
		B0CAEB3524105F75008F0C18 /* Main.storyboard */ = {
			isa = PBXVariantGroup;
			children = (
				B0CAEB3624105F75008F0C18 /* Base */,
			);
			name = Main.storyboard;
			sourceTree = "<group>";
		};
		B0CAEB3D24105F76008F0C18 /* LaunchScreen.storyboard */ = {
			isa = PBXVariantGroup;
			children = (
				B0CAEB3E24105F76008F0C18 /* Base */,
			);
			name = LaunchScreen.storyboard;
			sourceTree = "<group>";
		};
/* End PBXVariantGroup section */

/* Begin XCBuildConfiguration section */
		B0CAEB5724105F76008F0C18 /* Debug */ = {
			isa = XCBuildConfiguration;
			buildSettings = {
				ALWAYS_SEARCH_USER_PATHS = NO;
				CLANG_ANALYZER_NONNULL = YES;
				CLANG_ANALYZER_NUMBER_OBJECT_CONVERSION = YES_AGGRESSIVE;
				CLANG_CXX_LANGUAGE_STANDARD = "gnu++14";
				CLANG_CXX_LIBRARY = "libc++";
				CLANG_ENABLE_MODULES = YES;
				CLANG_ENABLE_OBJC_ARC = YES;
				CLANG_ENABLE_OBJC_WEAK = YES;
				CLANG_WARN_BLOCK_CAPTURE_AUTORELEASING = YES;
				CLANG_WARN_BOOL_CONVERSION = YES;
				CLANG_WARN_COMMA = YES;
				CLANG_WARN_CONSTANT_CONVERSION = YES;
				CLANG_WARN_DEPRECATED_OBJC_IMPLEMENTATIONS = YES;
				CLANG_WARN_DIRECT_OBJC_ISA_USAGE = YES_ERROR;
				CLANG_WARN_DOCUMENTATION_COMMENTS = YES;
				CLANG_WARN_EMPTY_BODY = YES;
				CLANG_WARN_ENUM_CONVERSION = YES;
				CLANG_WARN_INFINITE_RECURSION = YES;
				CLANG_WARN_INT_CONVERSION = YES;
				CLANG_WARN_NON_LITERAL_NULL_CONVERSION = YES;
				CLANG_WARN_OBJC_IMPLICIT_RETAIN_SELF = YES;
				CLANG_WARN_OBJC_LITERAL_CONVERSION = YES;
				CLANG_WARN_OBJC_ROOT_CLASS = YES_ERROR;
				CLANG_WARN_RANGE_LOOP_ANALYSIS = YES;
				CLANG_WARN_STRICT_PROTOTYPES = YES;
				CLANG_WARN_SUSPICIOUS_MOVE = YES;
				CLANG_WARN_UNGUARDED_AVAILABILITY = YES_AGGRESSIVE;
				CLANG_WARN_UNREACHABLE_CODE = YES;
				CLANG_WARN__DUPLICATE_METHOD_MATCH = YES;
				COPY_PHASE_STRIP = NO;
				DEBUG_INFORMATION_FORMAT = dwarf;
				ENABLE_STRICT_OBJC_MSGSEND = YES;
				ENABLE_TESTABILITY = YES;
				GCC_C_LANGUAGE_STANDARD = gnu11;
				GCC_DYNAMIC_NO_PIC = NO;
				GCC_NO_COMMON_BLOCKS = YES;
				GCC_OPTIMIZATION_LEVEL = 0;
				GCC_PREPROCESSOR_DEFINITIONS = (
					"DEBUG=1",
					"$(inherited)",
				);
				GCC_WARN_64_TO_32_BIT_CONVERSION = YES;
				GCC_WARN_ABOUT_RETURN_TYPE = YES_ERROR;
				GCC_WARN_UNDECLARED_SELECTOR = YES;
				GCC_WARN_UNINITIALIZED_AUTOS = YES_AGGRESSIVE;
				GCC_WARN_UNUSED_FUNCTION = YES;
				GCC_WARN_UNUSED_VARIABLE = YES;
				IPHONEOS_DEPLOYMENT_TARGET = 13.2;
				MTL_ENABLE_DEBUG_INFO = INCLUDE_SOURCE;
				MTL_FAST_MATH = YES;
				ONLY_ACTIVE_ARCH = YES;
				SDKROOT = iphoneos;
				SWIFT_ACTIVE_COMPILATION_CONDITIONS = DEBUG;
				SWIFT_OPTIMIZATION_LEVEL = "-Onone";
			};
			name = Debug;
		};
		B0CAEB5824105F76008F0C18 /* Release */ = {
			isa = XCBuildConfiguration;
			buildSettings = {
				ALWAYS_SEARCH_USER_PATHS = NO;
				CLANG_ANALYZER_NONNULL = YES;
				CLANG_ANALYZER_NUMBER_OBJECT_CONVERSION = YES_AGGRESSIVE;
				CLANG_CXX_LANGUAGE_STANDARD = "gnu++14";
				CLANG_CXX_LIBRARY = "libc++";
				CLANG_ENABLE_MODULES = YES;
				CLANG_ENABLE_OBJC_ARC = YES;
				CLANG_ENABLE_OBJC_WEAK = YES;
				CLANG_WARN_BLOCK_CAPTURE_AUTORELEASING = YES;
				CLANG_WARN_BOOL_CONVERSION = YES;
				CLANG_WARN_COMMA = YES;
				CLANG_WARN_CONSTANT_CONVERSION = YES;
				CLANG_WARN_DEPRECATED_OBJC_IMPLEMENTATIONS = YES;
				CLANG_WARN_DIRECT_OBJC_ISA_USAGE = YES_ERROR;
				CLANG_WARN_DOCUMENTATION_COMMENTS = YES;
				CLANG_WARN_EMPTY_BODY = YES;
				CLANG_WARN_ENUM_CONVERSION = YES;
				CLANG_WARN_INFINITE_RECURSION = YES;
				CLANG_WARN_INT_CONVERSION = YES;
				CLANG_WARN_NON_LITERAL_NULL_CONVERSION = YES;
				CLANG_WARN_OBJC_IMPLICIT_RETAIN_SELF = YES;
				CLANG_WARN_OBJC_LITERAL_CONVERSION = YES;
				CLANG_WARN_OBJC_ROOT_CLASS = YES_ERROR;
				CLANG_WARN_RANGE_LOOP_ANALYSIS = YES;
				CLANG_WARN_STRICT_PROTOTYPES = YES;
				CLANG_WARN_SUSPICIOUS_MOVE = YES;
				CLANG_WARN_UNGUARDED_AVAILABILITY = YES_AGGRESSIVE;
				CLANG_WARN_UNREACHABLE_CODE = YES;
				CLANG_WARN__DUPLICATE_METHOD_MATCH = YES;
				COPY_PHASE_STRIP = NO;
				DEBUG_INFORMATION_FORMAT = "dwarf-with-dsym";
				ENABLE_NS_ASSERTIONS = NO;
				ENABLE_STRICT_OBJC_MSGSEND = YES;
				GCC_C_LANGUAGE_STANDARD = gnu11;
				GCC_NO_COMMON_BLOCKS = YES;
				GCC_WARN_64_TO_32_BIT_CONVERSION = YES;
				GCC_WARN_ABOUT_RETURN_TYPE = YES_ERROR;
				GCC_WARN_UNDECLARED_SELECTOR = YES;
				GCC_WARN_UNINITIALIZED_AUTOS = YES_AGGRESSIVE;
				GCC_WARN_UNUSED_FUNCTION = YES;
				GCC_WARN_UNUSED_VARIABLE = YES;
				IPHONEOS_DEPLOYMENT_TARGET = 13.2;
				MTL_ENABLE_DEBUG_INFO = NO;
				MTL_FAST_MATH = YES;
				SDKROOT = iphoneos;
				SWIFT_COMPILATION_MODE = wholemodule;
				SWIFT_OPTIMIZATION_LEVEL = "-O";
				VALIDATE_PRODUCT = YES;
			};
			name = Release;
		};
		B0CAEB5A24105F76008F0C18 /* Debug */ = {
			isa = XCBuildConfiguration;
			buildSettings = {
				ASSETCATALOG_COMPILER_APPICON_NAME = AppIcon;
				CLANG_ENABLE_MODULES = YES;
				CODE_SIGN_STYLE = Automatic;
				DEVELOPMENT_TEAM = 8F4HAPMXNR;
				INFOPLIST_FILE = Lab5SnapagramUI/Info.plist;
				LD_RUNPATH_SEARCH_PATHS = (
					"$(inherited)",
					"@executable_path/Frameworks",
				);
				PRODUCT_BUNDLE_IDENTIFIER = com.yerasi.Lab5SnapagramUI;
				PRODUCT_NAME = "$(TARGET_NAME)";
				SWIFT_OPTIMIZATION_LEVEL = "-Onone";
				SWIFT_VERSION = 5.0;
				TARGETED_DEVICE_FAMILY = "1,2";
			};
			name = Debug;
		};
		B0CAEB5B24105F76008F0C18 /* Release */ = {
			isa = XCBuildConfiguration;
			buildSettings = {
				ASSETCATALOG_COMPILER_APPICON_NAME = AppIcon;
				CLANG_ENABLE_MODULES = YES;
				CODE_SIGN_STYLE = Automatic;
				DEVELOPMENT_TEAM = 8F4HAPMXNR;
				INFOPLIST_FILE = Lab5SnapagramUI/Info.plist;
				LD_RUNPATH_SEARCH_PATHS = (
					"$(inherited)",
					"@executable_path/Frameworks",
				);
				PRODUCT_BUNDLE_IDENTIFIER = com.yerasi.Lab5SnapagramUI;
				PRODUCT_NAME = "$(TARGET_NAME)";
				SWIFT_VERSION = 5.0;
				TARGETED_DEVICE_FAMILY = "1,2";
			};
			name = Release;
		};
		B0CAEB5D24105F76008F0C18 /* Debug */ = {
			isa = XCBuildConfiguration;
			buildSettings = {
				ALWAYS_EMBED_SWIFT_STANDARD_LIBRARIES = YES;
				BUNDLE_LOADER = "$(TEST_HOST)";
				CODE_SIGN_STYLE = Automatic;
				DEVELOPMENT_TEAM = 8F4HAPMXNR;
				INFOPLIST_FILE = Lab5SnapagramUITests/Info.plist;
				IPHONEOS_DEPLOYMENT_TARGET = 13.2;
				LD_RUNPATH_SEARCH_PATHS = (
					"$(inherited)",
					"@executable_path/Frameworks",
					"@loader_path/Frameworks",
				);
				PRODUCT_BUNDLE_IDENTIFIER = com.yerasi.Lab5SnapagramUITests;
				PRODUCT_NAME = "$(TARGET_NAME)";
				SWIFT_VERSION = 5.0;
				TARGETED_DEVICE_FAMILY = "1,2";
				TEST_HOST = "$(BUILT_PRODUCTS_DIR)/Lab5SnapagramUI.app/Lab5SnapagramUI";
			};
			name = Debug;
		};
		B0CAEB5E24105F76008F0C18 /* Release */ = {
			isa = XCBuildConfiguration;
			buildSettings = {
				ALWAYS_EMBED_SWIFT_STANDARD_LIBRARIES = YES;
				BUNDLE_LOADER = "$(TEST_HOST)";
				CODE_SIGN_STYLE = Automatic;
				DEVELOPMENT_TEAM = 8F4HAPMXNR;
				INFOPLIST_FILE = Lab5SnapagramUITests/Info.plist;
				IPHONEOS_DEPLOYMENT_TARGET = 13.2;
				LD_RUNPATH_SEARCH_PATHS = (
					"$(inherited)",
					"@executable_path/Frameworks",
					"@loader_path/Frameworks",
				);
				PRODUCT_BUNDLE_IDENTIFIER = com.yerasi.Lab5SnapagramUITests;
				PRODUCT_NAME = "$(TARGET_NAME)";
				SWIFT_VERSION = 5.0;
				TARGETED_DEVICE_FAMILY = "1,2";
				TEST_HOST = "$(BUILT_PRODUCTS_DIR)/Lab5SnapagramUI.app/Lab5SnapagramUI";
			};
			name = Release;
		};
		B0CAEB6024105F76008F0C18 /* Debug */ = {
			isa = XCBuildConfiguration;
			buildSettings = {
				ALWAYS_EMBED_SWIFT_STANDARD_LIBRARIES = YES;
				CODE_SIGN_STYLE = Automatic;
				DEVELOPMENT_TEAM = 8F4HAPMXNR;
				INFOPLIST_FILE = Lab5SnapagramUIUITests/Info.plist;
				LD_RUNPATH_SEARCH_PATHS = (
					"$(inherited)",
					"@executable_path/Frameworks",
					"@loader_path/Frameworks",
				);
				PRODUCT_BUNDLE_IDENTIFIER = com.yerasi.Lab5SnapagramUIUITests;
				PRODUCT_NAME = "$(TARGET_NAME)";
				SWIFT_VERSION = 5.0;
				TARGETED_DEVICE_FAMILY = "1,2";
				TEST_TARGET_NAME = Lab5SnapagramUI;
			};
			name = Debug;
		};
		B0CAEB6124105F76008F0C18 /* Release */ = {
			isa = XCBuildConfiguration;
			buildSettings = {
				ALWAYS_EMBED_SWIFT_STANDARD_LIBRARIES = YES;
				CODE_SIGN_STYLE = Automatic;
				DEVELOPMENT_TEAM = 8F4HAPMXNR;
				INFOPLIST_FILE = Lab5SnapagramUIUITests/Info.plist;
				LD_RUNPATH_SEARCH_PATHS = (
					"$(inherited)",
					"@executable_path/Frameworks",
					"@loader_path/Frameworks",
				);
				PRODUCT_BUNDLE_IDENTIFIER = com.yerasi.Lab5SnapagramUIUITests;
				PRODUCT_NAME = "$(TARGET_NAME)";
				SWIFT_VERSION = 5.0;
				TARGETED_DEVICE_FAMILY = "1,2";
				TEST_TARGET_NAME = Lab5SnapagramUI;
			};
			name = Release;
		};
/* End XCBuildConfiguration section */

/* Begin XCConfigurationList section */
		B0CAEB2724105F74008F0C18 /* Build configuration list for PBXProject "Lab5SnapagramUI" */ = {
			isa = XCConfigurationList;
			buildConfigurations = (
				B0CAEB5724105F76008F0C18 /* Debug */,
				B0CAEB5824105F76008F0C18 /* Release */,
			);
			defaultConfigurationIsVisible = 0;
			defaultConfigurationName = Release;
		};
		B0CAEB5924105F76008F0C18 /* Build configuration list for PBXNativeTarget "Lab5SnapagramUI" */ = {
			isa = XCConfigurationList;
			buildConfigurations = (
				B0CAEB5A24105F76008F0C18 /* Debug */,
				B0CAEB5B24105F76008F0C18 /* Release */,
			);
			defaultConfigurationIsVisible = 0;
			defaultConfigurationName = Release;
		};
		B0CAEB5C24105F76008F0C18 /* Build configuration list for PBXNativeTarget "Lab5SnapagramUITests" */ = {
			isa = XCConfigurationList;
			buildConfigurations = (
				B0CAEB5D24105F76008F0C18 /* Debug */,
				B0CAEB5E24105F76008F0C18 /* Release */,
			);
			defaultConfigurationIsVisible = 0;
			defaultConfigurationName = Release;
		};
		B0CAEB5F24105F76008F0C18 /* Build configuration list for PBXNativeTarget "Lab5SnapagramUIUITests" */ = {
			isa = XCConfigurationList;
			buildConfigurations = (
				B0CAEB6024105F76008F0C18 /* Debug */,
				B0CAEB6124105F76008F0C18 /* Release */,
			);
			defaultConfigurationIsVisible = 0;
			defaultConfigurationName = Release;
		};
/* End XCConfigurationList section */
	};
	rootObject = B0CAEB2424105F74008F0C18 /* Project object */;
}
